// !$*UTF8*$!
{
	archiveVersion = 1;
	classes = {
	};
	objectVersion = 46;
	objects = {

/* Begin PBXBuildFile section */
		43407D1B1DFDC2A90013DB0C /* StationList.swift in Sources */ = {isa = PBXBuildFile; fileRef = 43407D1A1DFDC2A90013DB0C /* StationList.swift */; };
		43497F2B1E11BB340060BD5C /* StreamDetailWindowController.swift in Sources */ = {isa = PBXBuildFile; fileRef = 43497F291E11BB330060BD5C /* StreamDetailWindowController.swift */; };
		43497F2C1E11BB340060BD5C /* StreamDetailWindow.xib in Resources */ = {isa = PBXBuildFile; fileRef = 43497F2A1E11BB330060BD5C /* StreamDetailWindow.xib */; };
		434A12571E0F1F3E0093200F /* MainWindowController.swift in Sources */ = {isa = PBXBuildFile; fileRef = 434A12551E0F1F3E0093200F /* MainWindowController.swift */; };
		43C0634F1E06EB5900BBF964 /* GradientView.swift in Sources */ = {isa = PBXBuildFile; fileRef = 43C0634E1E06EB5900BBF964 /* GradientView.swift */; };
		43C063511E06F8EC00BBF964 /* CustomSliderCell.swift in Sources */ = {isa = PBXBuildFile; fileRef = 43C063501E06F8EC00BBF964 /* CustomSliderCell.swift */; };
		43C063541E0709C700BBF964 /* StationListItem.swift in Sources */ = {isa = PBXBuildFile; fileRef = 43C063521E0709C700BBF964 /* StationListItem.swift */; };
		43C063551E0709C700BBF964 /* StationListItem.xib in Resources */ = {isa = PBXBuildFile; fileRef = 43C063531E0709C700BBF964 /* StationListItem.xib */; };
		43D641FD1DFCA08C0019508C /* AppDelegate.swift in Sources */ = {isa = PBXBuildFile; fileRef = 43D641FC1DFCA08C0019508C /* AppDelegate.swift */; };
		43D641FF1DFCA08C0019508C /* Assets.xcassets in Resources */ = {isa = PBXBuildFile; fileRef = 43D641FE1DFCA08C0019508C /* Assets.xcassets */; };
		43D642021DFCA08C0019508C /* MainMenu.xib in Resources */ = {isa = PBXBuildFile; fileRef = 43D642001DFCA08C0019508C /* MainMenu.xib */; };
		43D6420D1DFCA08C0019508C /* WebradioTests.swift in Sources */ = {isa = PBXBuildFile; fileRef = 43D6420C1DFCA08C0019508C /* WebradioTests.swift */; };
		43D6421C1DFCA1720019508C /* MainViewController.swift in Sources */ = {isa = PBXBuildFile; fileRef = 43D6421A1DFCA1720019508C /* MainViewController.swift */; };
		43D6421D1DFCA1720019508C /* MainWindow.xib in Resources */ = {isa = PBXBuildFile; fileRef = 43D6421B1DFCA1720019508C /* MainWindow.xib */; };
		43D6421F1DFCA48E0019508C /* Station.swift in Sources */ = {isa = PBXBuildFile; fileRef = 43D6421E1DFCA48E0019508C /* Station.swift */; };
		43D642221DFCAFF90019508C /* GenreListHandler.swift in Sources */ = {isa = PBXBuildFile; fileRef = 43D642211DFCAFF90019508C /* GenreListHandler.swift */; };
		43D642241DFCBE0D0019508C /* Debug.swift in Sources */ = {isa = PBXBuildFile; fileRef = 43D642231DFCBE0D0019508C /* Debug.swift */; };
		43E1FB571DFF3A370074E47D /* testfiles in Resources */ = {isa = PBXBuildFile; fileRef = 43E1FB561DFF3A370074E47D /* testfiles */; };
/* End PBXBuildFile section */

/* Begin PBXContainerItemProxy section */
		43D642091DFCA08C0019508C /* PBXContainerItemProxy */ = {
			isa = PBXContainerItemProxy;
			containerPortal = 43D641F11DFCA08C0019508C /* Project object */;
			proxyType = 1;
			remoteGlobalIDString = 43D641F81DFCA08C0019508C;
			remoteInfo = Webradio;
		};
/* End PBXContainerItemProxy section */

/* Begin PBXFileReference section */
		43407D1A1DFDC2A90013DB0C /* StationList.swift */ = {isa = PBXFileReference; fileEncoding = 4; lastKnownFileType = sourcecode.swift; path = StationList.swift; sourceTree = "<group>"; };
		43497F291E11BB330060BD5C /* StreamDetailWindowController.swift */ = {isa = PBXFileReference; fileEncoding = 4; lastKnownFileType = sourcecode.swift; path = StreamDetailWindowController.swift; sourceTree = "<group>"; };
		43497F2A1E11BB330060BD5C /* StreamDetailWindow.xib */ = {isa = PBXFileReference; fileEncoding = 4; lastKnownFileType = file.xib; path = StreamDetailWindow.xib; sourceTree = "<group>"; };
		434A12551E0F1F3E0093200F /* MainWindowController.swift */ = {isa = PBXFileReference; fileEncoding = 4; lastKnownFileType = sourcecode.swift; path = MainWindowController.swift; sourceTree = "<group>"; };
		43C0634E1E06EB5900BBF964 /* GradientView.swift */ = {isa = PBXFileReference; fileEncoding = 4; lastKnownFileType = sourcecode.swift; path = GradientView.swift; sourceTree = "<group>"; };
		43C063501E06F8EC00BBF964 /* CustomSliderCell.swift */ = {isa = PBXFileReference; fileEncoding = 4; lastKnownFileType = sourcecode.swift; path = CustomSliderCell.swift; sourceTree = "<group>"; };
		43C063521E0709C700BBF964 /* StationListItem.swift */ = {isa = PBXFileReference; fileEncoding = 4; lastKnownFileType = sourcecode.swift; path = StationListItem.swift; sourceTree = "<group>"; };
		43C063531E0709C700BBF964 /* StationListItem.xib */ = {isa = PBXFileReference; fileEncoding = 4; lastKnownFileType = file.xib; path = StationListItem.xib; sourceTree = "<group>"; };
		43D641F91DFCA08C0019508C /* Webradio.app */ = {isa = PBXFileReference; explicitFileType = wrapper.application; includeInIndex = 0; path = Webradio.app; sourceTree = BUILT_PRODUCTS_DIR; };
		43D641FC1DFCA08C0019508C /* AppDelegate.swift */ = {isa = PBXFileReference; lastKnownFileType = sourcecode.swift; path = AppDelegate.swift; sourceTree = "<group>"; };
		43D641FE1DFCA08C0019508C /* Assets.xcassets */ = {isa = PBXFileReference; lastKnownFileType = folder.assetcatalog; path = Assets.xcassets; sourceTree = "<group>"; };
		43D642011DFCA08C0019508C /* Base */ = {isa = PBXFileReference; lastKnownFileType = file.xib; name = Base; path = Base.lproj/MainMenu.xib; sourceTree = "<group>"; };
		43D642031DFCA08C0019508C /* Info.plist */ = {isa = PBXFileReference; lastKnownFileType = text.plist.xml; path = Info.plist; sourceTree = "<group>"; };
		43D642081DFCA08C0019508C /* WebradioTests.xctest */ = {isa = PBXFileReference; explicitFileType = wrapper.cfbundle; includeInIndex = 0; path = WebradioTests.xctest; sourceTree = BUILT_PRODUCTS_DIR; };
		43D6420C1DFCA08C0019508C /* WebradioTests.swift */ = {isa = PBXFileReference; lastKnownFileType = sourcecode.swift; path = WebradioTests.swift; sourceTree = "<group>"; };
		43D6420E1DFCA08C0019508C /* Info.plist */ = {isa = PBXFileReference; lastKnownFileType = text.plist.xml; path = Info.plist; sourceTree = "<group>"; };
		43D6421A1DFCA1720019508C /* MainViewController.swift */ = {isa = PBXFileReference; fileEncoding = 4; lastKnownFileType = sourcecode.swift; path = MainViewController.swift; sourceTree = "<group>"; };
		43D6421B1DFCA1720019508C /* MainWindow.xib */ = {isa = PBXFileReference; fileEncoding = 4; lastKnownFileType = file.xib; path = MainWindow.xib; sourceTree = "<group>"; };
		43D6421E1DFCA48E0019508C /* Station.swift */ = {isa = PBXFileReference; fileEncoding = 4; lastKnownFileType = sourcecode.swift; path = Station.swift; sourceTree = "<group>"; };
		43D642211DFCAFF90019508C /* GenreListHandler.swift */ = {isa = PBXFileReference; fileEncoding = 4; lastKnownFileType = sourcecode.swift; path = GenreListHandler.swift; sourceTree = "<group>"; };
		43D642231DFCBE0D0019508C /* Debug.swift */ = {isa = PBXFileReference; fileEncoding = 4; lastKnownFileType = sourcecode.swift; path = Debug.swift; sourceTree = "<group>"; };
		43E1FB561DFF3A370074E47D /* testfiles */ = {isa = PBXFileReference; lastKnownFileType = folder; path = testfiles; sourceTree = "<group>"; };
/* End PBXFileReference section */

/* Begin PBXFrameworksBuildPhase section */
		43D641F61DFCA08C0019508C /* Frameworks */ = {
			isa = PBXFrameworksBuildPhase;
			buildActionMask = 2147483647;
			files = (
			);
			runOnlyForDeploymentPostprocessing = 0;
		};
		43D642051DFCA08C0019508C /* Frameworks */ = {
			isa = PBXFrameworksBuildPhase;
			buildActionMask = 2147483647;
			files = (
			);
			runOnlyForDeploymentPostprocessing = 0;
		};
/* End PBXFrameworksBuildPhase section */

/* Begin PBXGroup section */
		43D641F01DFCA08B0019508C = {
			isa = PBXGroup;
			children = (
				43D641FB1DFCA08C0019508C /* Webradio */,
				43D6420B1DFCA08C0019508C /* WebradioTests */,
				43D641FA1DFCA08C0019508C /* Products */,
			);
			sourceTree = "<group>";
		};
		43D641FA1DFCA08C0019508C /* Products */ = {
			isa = PBXGroup;
			children = (
				43D641F91DFCA08C0019508C /* Webradio.app */,
				43D642081DFCA08C0019508C /* WebradioTests.xctest */,
			);
			name = Products;
			sourceTree = "<group>";
		};
		43D641FB1DFCA08C0019508C /* Webradio */ = {
			isa = PBXGroup;
			children = (
				43D642191DFCA1120019508C /* Controller */,
				43D642181DFCA10C0019508C /* View */,
				43D642171DFCA1060019508C /* Model */,
				43D641FC1DFCA08C0019508C /* AppDelegate.swift */,
				43D641FE1DFCA08C0019508C /* Assets.xcassets */,
				43D642031DFCA08C0019508C /* Info.plist */,
				43D642001DFCA08C0019508C /* MainMenu.xib */,
			);
			path = Webradio;
			sourceTree = "<group>";
		};
		43D6420B1DFCA08C0019508C /* WebradioTests */ = {
			isa = PBXGroup;
			children = (
				43E1FB561DFF3A370074E47D /* testfiles */,
				43D6420C1DFCA08C0019508C /* WebradioTests.swift */,
				43D6420E1DFCA08C0019508C /* Info.plist */,
			);
			path = WebradioTests;
			sourceTree = "<group>";
		};
		43D642171DFCA1060019508C /* Model */ = {
			isa = PBXGroup;
			children = (
				43D6421E1DFCA48E0019508C /* Station.swift */,
				43D642211DFCAFF90019508C /* GenreListHandler.swift */,
				43407D1A1DFDC2A90013DB0C /* StationList.swift */,
			);
			path = Model;
			sourceTree = "<group>";
		};
		43D642181DFCA10C0019508C /* View */ = {
			isa = PBXGroup;
			children = (
				43C063521E0709C700BBF964 /* StationListItem.swift */,
				43C063531E0709C700BBF964 /* StationListItem.xib */,
				43D6421B1DFCA1720019508C /* MainWindow.xib */,
				43C0634E1E06EB5900BBF964 /* GradientView.swift */,
				43C063501E06F8EC00BBF964 /* CustomSliderCell.swift */,
				43497F2A1E11BB330060BD5C /* StreamDetailWindow.xib */,
			);
			path = View;
			sourceTree = "<group>";
		};
		43D642191DFCA1120019508C /* Controller */ = {
			isa = PBXGroup;
			children = (
				43D642231DFCBE0D0019508C /* Debug.swift */,
				434A12551E0F1F3E0093200F /* MainWindowController.swift */,
				43D6421A1DFCA1720019508C /* MainViewController.swift */,
				43497F291E11BB330060BD5C /* StreamDetailWindowController.swift */,
			);
			path = Controller;
			sourceTree = "<group>";
		};
/* End PBXGroup section */

/* Begin PBXNativeTarget section */
		43D641F81DFCA08C0019508C /* Webradio */ = {
			isa = PBXNativeTarget;
			buildConfigurationList = 43D642111DFCA08C0019508C /* Build configuration list for PBXNativeTarget "Webradio" */;
			buildPhases = (
				43D641F51DFCA08C0019508C /* Sources */,
				43D641F61DFCA08C0019508C /* Frameworks */,
				43D641F71DFCA08C0019508C /* Resources */,
			);
			buildRules = (
			);
			dependencies = (
			);
			name = Webradio;
			productName = Webradio;
			productReference = 43D641F91DFCA08C0019508C /* Webradio.app */;
			productType = "com.apple.product-type.application";
		};
		43D642071DFCA08C0019508C /* WebradioTests */ = {
			isa = PBXNativeTarget;
			buildConfigurationList = 43D642141DFCA08C0019508C /* Build configuration list for PBXNativeTarget "WebradioTests" */;
			buildPhases = (
				43D642041DFCA08C0019508C /* Sources */,
				43D642051DFCA08C0019508C /* Frameworks */,
				43D642061DFCA08C0019508C /* Resources */,
			);
			buildRules = (
			);
			dependencies = (
				43D6420A1DFCA08C0019508C /* PBXTargetDependency */,
			);
			name = WebradioTests;
			productName = WebradioTests;
			productReference = 43D642081DFCA08C0019508C /* WebradioTests.xctest */;
			productType = "com.apple.product-type.bundle.unit-test";
		};
/* End PBXNativeTarget section */

/* Begin PBXProject section */
		43D641F11DFCA08C0019508C /* Project object */ = {
			isa = PBXProject;
			attributes = {
				LastSwiftUpdateCheck = 0810;
				LastUpgradeCheck = 0820;
				ORGANIZATIONNAME = "Christian Hackl";
				TargetAttributes = {
					43D641F81DFCA08C0019508C = {
						CreatedOnToolsVersion = 8.1;
						DevelopmentTeam = X8DS49XT5H;
						ProvisioningStyle = Automatic;
					};
					43D642071DFCA08C0019508C = {
						CreatedOnToolsVersion = 8.1;
						DevelopmentTeam = X8DS49XT5H;
						ProvisioningStyle = Automatic;
						TestTargetID = 43D641F81DFCA08C0019508C;
					};
				};
			};
			buildConfigurationList = 43D641F41DFCA08C0019508C /* Build configuration list for PBXProject "Webradio" */;
			compatibilityVersion = "Xcode 3.2";
			developmentRegion = English;
			hasScannedForEncodings = 0;
			knownRegions = (
				en,
				Base,
			);
			mainGroup = 43D641F01DFCA08B0019508C;
			productRefGroup = 43D641FA1DFCA08C0019508C /* Products */;
			projectDirPath = "";
			projectRoot = "";
			targets = (
				43D641F81DFCA08C0019508C /* Webradio */,
				43D642071DFCA08C0019508C /* WebradioTests */,
			);
		};
/* End PBXProject section */

/* Begin PBXResourcesBuildPhase section */
		43D641F71DFCA08C0019508C /* Resources */ = {
			isa = PBXResourcesBuildPhase;
			buildActionMask = 2147483647;
			files = (
				43D6421D1DFCA1720019508C /* MainWindow.xib in Resources */,
				43497F2C1E11BB340060BD5C /* StreamDetailWindow.xib in Resources */,
				43C063551E0709C700BBF964 /* StationListItem.xib in Resources */,
				43D641FF1DFCA08C0019508C /* Assets.xcassets in Resources */,
				43D642021DFCA08C0019508C /* MainMenu.xib in Resources */,
			);
			runOnlyForDeploymentPostprocessing = 0;
		};
		43D642061DFCA08C0019508C /* Resources */ = {
			isa = PBXResourcesBuildPhase;
			buildActionMask = 2147483647;
			files = (
				43E1FB571DFF3A370074E47D /* testfiles in Resources */,
			);
			runOnlyForDeploymentPostprocessing = 0;
		};
/* End PBXResourcesBuildPhase section */

/* Begin PBXSourcesBuildPhase section */
		43D641F51DFCA08C0019508C /* Sources */ = {
			isa = PBXSourcesBuildPhase;
			buildActionMask = 2147483647;
			files = (
				434A12571E0F1F3E0093200F /* MainWindowController.swift in Sources */,
				43D642221DFCAFF90019508C /* GenreListHandler.swift in Sources */,
				43D642241DFCBE0D0019508C /* Debug.swift in Sources */,
				43D6421C1DFCA1720019508C /* MainViewController.swift in Sources */,
				43C063541E0709C700BBF964 /* StationListItem.swift in Sources */,
				43497F2B1E11BB340060BD5C /* StreamDetailWindowController.swift in Sources */,
				43C063511E06F8EC00BBF964 /* CustomSliderCell.swift in Sources */,
				43D6421F1DFCA48E0019508C /* Station.swift in Sources */,
				43C0634F1E06EB5900BBF964 /* GradientView.swift in Sources */,
				43D641FD1DFCA08C0019508C /* AppDelegate.swift in Sources */,
				43407D1B1DFDC2A90013DB0C /* StationList.swift in Sources */,
			);
			runOnlyForDeploymentPostprocessing = 0;
		};
		43D642041DFCA08C0019508C /* Sources */ = {
			isa = PBXSourcesBuildPhase;
			buildActionMask = 2147483647;
			files = (
				43D6420D1DFCA08C0019508C /* WebradioTests.swift in Sources */,
			);
			runOnlyForDeploymentPostprocessing = 0;
		};
/* End PBXSourcesBuildPhase section */

/* Begin PBXTargetDependency section */
		43D6420A1DFCA08C0019508C /* PBXTargetDependency */ = {
			isa = PBXTargetDependency;
			target = 43D641F81DFCA08C0019508C /* Webradio */;
			targetProxy = 43D642091DFCA08C0019508C /* PBXContainerItemProxy */;
		};
/* End PBXTargetDependency section */

/* Begin PBXVariantGroup section */
		43D642001DFCA08C0019508C /* MainMenu.xib */ = {
			isa = PBXVariantGroup;
			children = (
				43D642011DFCA08C0019508C /* Base */,
			);
			name = MainMenu.xib;
			sourceTree = "<group>";
		};
/* End PBXVariantGroup section */

/* Begin XCBuildConfiguration section */
		43D6420F1DFCA08C0019508C /* Debug */ = {
			isa = XCBuildConfiguration;
			buildSettings = {
				ALWAYS_SEARCH_USER_PATHS = NO;
				CLANG_ANALYZER_NONNULL = YES;
				CLANG_CXX_LANGUAGE_STANDARD = "gnu++0x";
				CLANG_CXX_LIBRARY = "libc++";
				CLANG_ENABLE_MODULES = YES;
				CLANG_ENABLE_OBJC_ARC = YES;
				CLANG_WARN_BOOL_CONVERSION = YES;
				CLANG_WARN_CONSTANT_CONVERSION = YES;
				CLANG_WARN_DIRECT_OBJC_ISA_USAGE = YES_ERROR;
				CLANG_WARN_DOCUMENTATION_COMMENTS = YES;
				CLANG_WARN_EMPTY_BODY = YES;
				CLANG_WARN_ENUM_CONVERSION = YES;
				CLANG_WARN_INFINITE_RECURSION = YES;
				CLANG_WARN_INT_CONVERSION = YES;
				CLANG_WARN_OBJC_ROOT_CLASS = YES_ERROR;
				CLANG_WARN_SUSPICIOUS_MOVE = YES;
				CLANG_WARN_SUSPICIOUS_MOVES = YES;
				CLANG_WARN_UNREACHABLE_CODE = YES;
				CLANG_WARN__DUPLICATE_METHOD_MATCH = YES;
				CODE_SIGN_IDENTITY = "-";
				COPY_PHASE_STRIP = NO;
				DEBUG_INFORMATION_FORMAT = dwarf;
				ENABLE_STRICT_OBJC_MSGSEND = YES;
				ENABLE_TESTABILITY = YES;
				GCC_C_LANGUAGE_STANDARD = gnu99;
				GCC_DYNAMIC_NO_PIC = NO;
				GCC_NO_COMMON_BLOCKS = YES;
				GCC_OPTIMIZATION_LEVEL = 0;
				GCC_PREPROCESSOR_DEFINITIONS = (
					"DEBUG=1",
					"$(inherited)",
				);
				GCC_WARN_64_TO_32_BIT_CONVERSION = YES;
				GCC_WARN_ABOUT_RETURN_TYPE = YES_ERROR;
				GCC_WARN_UNDECLARED_SELECTOR = YES;
				GCC_WARN_UNINITIALIZED_AUTOS = YES_AGGRESSIVE;
				GCC_WARN_UNUSED_FUNCTION = YES;
				GCC_WARN_UNUSED_VARIABLE = YES;
				MACOSX_DEPLOYMENT_TARGET = 10.12;
				MTL_ENABLE_DEBUG_INFO = YES;
				ONLY_ACTIVE_ARCH = YES;
				SDKROOT = macosx;
				SWIFT_ACTIVE_COMPILATION_CONDITIONS = DEBUG;
				SWIFT_OPTIMIZATION_LEVEL = "-Onone";
			};
			name = Debug;
		};
		43D642101DFCA08C0019508C /* Release */ = {
			isa = XCBuildConfiguration;
			buildSettings = {
				ALWAYS_SEARCH_USER_PATHS = NO;
				CLANG_ANALYZER_NONNULL = YES;
				CLANG_CXX_LANGUAGE_STANDARD = "gnu++0x";
				CLANG_CXX_LIBRARY = "libc++";
				CLANG_ENABLE_MODULES = YES;
				CLANG_ENABLE_OBJC_ARC = YES;
				CLANG_WARN_BOOL_CONVERSION = YES;
				CLANG_WARN_CONSTANT_CONVERSION = YES;
				CLANG_WARN_DIRECT_OBJC_ISA_USAGE = YES_ERROR;
				CLANG_WARN_DOCUMENTATION_COMMENTS = YES;
				CLANG_WARN_EMPTY_BODY = YES;
				CLANG_WARN_ENUM_CONVERSION = YES;
				CLANG_WARN_INFINITE_RECURSION = YES;
				CLANG_WARN_INT_CONVERSION = YES;
				CLANG_WARN_OBJC_ROOT_CLASS = YES_ERROR;
				CLANG_WARN_SUSPICIOUS_MOVE = YES;
				CLANG_WARN_SUSPICIOUS_MOVES = YES;
				CLANG_WARN_UNREACHABLE_CODE = YES;
				CLANG_WARN__DUPLICATE_METHOD_MATCH = YES;
				CODE_SIGN_IDENTITY = "-";
				COPY_PHASE_STRIP = NO;
				DEBUG_INFORMATION_FORMAT = "dwarf-with-dsym";
				ENABLE_NS_ASSERTIONS = NO;
				ENABLE_STRICT_OBJC_MSGSEND = YES;
				GCC_C_LANGUAGE_STANDARD = gnu99;
				GCC_NO_COMMON_BLOCKS = YES;
				GCC_WARN_64_TO_32_BIT_CONVERSION = YES;
				GCC_WARN_ABOUT_RETURN_TYPE = YES_ERROR;
				GCC_WARN_UNDECLARED_SELECTOR = YES;
				GCC_WARN_UNINITIALIZED_AUTOS = YES_AGGRESSIVE;
				GCC_WARN_UNUSED_FUNCTION = YES;
				GCC_WARN_UNUSED_VARIABLE = YES;
				MACOSX_DEPLOYMENT_TARGET = 10.12;
				MTL_ENABLE_DEBUG_INFO = NO;
				SDKROOT = macosx;
				SWIFT_OPTIMIZATION_LEVEL = "-Owholemodule";
			};
			name = Release;
		};
		43D642121DFCA08C0019508C /* Debug */ = {
			isa = XCBuildConfiguration;
			buildSettings = {
				ASSETCATALOG_COMPILER_APPICON_NAME = AppIcon;
				COMBINE_HIDPI_IMAGES = YES;
				DEVELOPMENT_TEAM = X8DS49XT5H;
				INFOPLIST_FILE = Webradio/Info.plist;
				LD_RUNPATH_SEARCH_PATHS = "$(inherited) @executable_path/../Frameworks";
				PRODUCT_BUNDLE_IDENTIFIER = CHA.Webradio;
				PRODUCT_NAME = "$(TARGET_NAME)";
				SWIFT_VERSION = 3.0;
			};
			name = Debug;
		};
		43D642131DFCA08C0019508C /* Release */ = {
			isa = XCBuildConfiguration;
			buildSettings = {
				ASSETCATALOG_COMPILER_APPICON_NAME = AppIcon;
				COMBINE_HIDPI_IMAGES = YES;
				DEVELOPMENT_TEAM = X8DS49XT5H;
				INFOPLIST_FILE = Webradio/Info.plist;
				LD_RUNPATH_SEARCH_PATHS = "$(inherited) @executable_path/../Frameworks";
				PRODUCT_BUNDLE_IDENTIFIER = CHA.Webradio;
				PRODUCT_NAME = "$(TARGET_NAME)";
				SWIFT_VERSION = 3.0;
			};
			name = Release;
		};
		43D642151DFCA08C0019508C /* Debug */ = {
			isa = XCBuildConfiguration;
			buildSettings = {
				ALWAYS_EMBED_SWIFT_STANDARD_LIBRARIES = YES;
				BUNDLE_LOADER = "$(TEST_HOST)";
				COMBINE_HIDPI_IMAGES = YES;
				DEVELOPMENT_TEAM = X8DS49XT5H;
				INFOPLIST_FILE = WebradioTests/Info.plist;
				LD_RUNPATH_SEARCH_PATHS = "$(inherited) @executable_path/../Frameworks @loader_path/../Frameworks";
				PRODUCT_BUNDLE_IDENTIFIER = CHA.WebradioTests;
				PRODUCT_NAME = "$(TARGET_NAME)";
				SWIFT_VERSION = 3.0;
				TEST_HOST = "$(BUILT_PRODUCTS_DIR)/Webradio.app/Contents/MacOS/Webradio";
			};
			name = Debug;
		};
		43D642161DFCA08C0019508C /* Release */ = {
			isa = XCBuildConfiguration;
			buildSettings = {
				ALWAYS_EMBED_SWIFT_STANDARD_LIBRARIES = YES;
				BUNDLE_LOADER = "$(TEST_HOST)";
				COMBINE_HIDPI_IMAGES = YES;
				DEVELOPMENT_TEAM = X8DS49XT5H;
				INFOPLIST_FILE = WebradioTests/Info.plist;
				LD_RUNPATH_SEARCH_PATHS = "$(inherited) @executable_path/../Frameworks @loader_path/../Frameworks";
				PRODUCT_BUNDLE_IDENTIFIER = CHA.WebradioTests;
				PRODUCT_NAME = "$(TARGET_NAME)";
				SWIFT_VERSION = 3.0;
				TEST_HOST = "$(BUILT_PRODUCTS_DIR)/Webradio.app/Contents/MacOS/Webradio";
			};
			name = Release;
		};
/* End XCBuildConfiguration section */

/* Begin XCConfigurationList section */
		43D641F41DFCA08C0019508C /* Build configuration list for PBXProject "Webradio" */ = {
			isa = XCConfigurationList;
			buildConfigurations = (
				43D6420F1DFCA08C0019508C /* Debug */,
				43D642101DFCA08C0019508C /* Release */,
			);
			defaultConfigurationIsVisible = 0;
			defaultConfigurationName = Release;
		};
		43D642111DFCA08C0019508C /* Build configuration list for PBXNativeTarget "Webradio" */ = {
			isa = XCConfigurationList;
			buildConfigurations = (
				43D642121DFCA08C0019508C /* Debug */,
				43D642131DFCA08C0019508C /* Release */,
			);
			defaultConfigurationIsVisible = 0;
			defaultConfigurationName = Release;
		};
		43D642141DFCA08C0019508C /* Build configuration list for PBXNativeTarget "WebradioTests" */ = {
			isa = XCConfigurationList;
			buildConfigurations = (
				43D642151DFCA08C0019508C /* Debug */,
				43D642161DFCA08C0019508C /* Release */,
			);
			defaultConfigurationIsVisible = 0;
			defaultConfigurationName = Release;
		};
/* End XCConfigurationList section */
	};
	rootObject = 43D641F11DFCA08C0019508C /* Project object */;
}
